
Microsoft Visual Studio Solution File, Format Version 12.00
# Visual Studio Version 16
VisualStudioVersion = 16.0.30711.63
MinimumVisualStudioVersion = 10.0.40219.1
Project("{FAE04EC0-301F-11D3-BF4B-00C04F79EFBC}") = "BluetoothConnection", "BluetoothConnection\BluetoothConnection.csproj", "{23A54ECC-8B74-4ED5-B465-D2FC22AC8933}"
EndProject
Global
	GlobalSection(SolutionConfigurationPlatforms) = preSolution
		Debug|Any CPU = Debug|Any CPU
		Release|Any CPU = Release|Any CPU
	EndGlobalSection
	GlobalSection(ProjectConfigurationPlatforms) = postSolution
		{23A54ECC-8B74-4ED5-B465-D2FC22AC8933}.Debug|Any CPU.ActiveCfg = Debug|Any CPU
		{23A54ECC-8B74-4ED5-B465-D2FC22AC8933}.Debug|Any CPU.Build.0 = Debug|Any CPU
		{23A54ECC-8B74-4ED5-B465-D2FC22AC8933}.Release|Any CPU.ActiveCfg = Release|Any CPU
		{23A54ECC-8B74-4ED5-B465-D2FC22AC8933}.Release|Any CPU.Build.0 = Release|Any CPU
	EndGlobalSection
	GlobalSection(SolutionProperties) = preSolution
		HideSolutionNode = FALSE
	EndGlobalSection
	GlobalSection(ExtensibilityGlobals) = postSolution
		SolutionGuid = {9C1A250C-C08C-4F4B-AFAE-4F213A330A36}
	EndGlobalSection
EndGlobal
